// !$*UTF8*$!
{
	archiveVersion = 1;
	classes = {
	};
	objectVersion = 46;
	objects = {

/* Begin PBXBuildFile section */
		E10D7EBE1BCF6096006D7C06 /* ForeignCurrencyView.swift in Sources */ = {isa = PBXBuildFile; fileRef = E10D7EBD1BCF6096006D7C06 /* ForeignCurrencyView.swift */; settings = {ASSET_TAGS = (); }; };
		E10D7F131BCF71BB006D7C06 /* assets in Resources */ = {isa = PBXBuildFile; fileRef = E10D7F121BCF71BB006D7C06 /* assets */; settings = {ASSET_TAGS = (); }; };
		E10D7F151BCF801E006D7C06 /* ForeignCurencyCollectionViewController.swift in Sources */ = {isa = PBXBuildFile; fileRef = E10D7F141BCF801E006D7C06 /* ForeignCurencyCollectionViewController.swift */; settings = {ASSET_TAGS = (); }; };
		E10D7F181BCF8C1F006D7C06 /* ForeignCurrencyCollectionViewCell.swift in Sources */ = {isa = PBXBuildFile; fileRef = E10D7F171BCF8C1F006D7C06 /* ForeignCurrencyCollectionViewCell.swift */; settings = {ASSET_TAGS = (); }; };
		E15FAC721BC6249B00364FC4 /* AppDelegate.swift in Sources */ = {isa = PBXBuildFile; fileRef = E15FAC711BC6249B00364FC4 /* AppDelegate.swift */; };
		E15FAC741BC6249B00364FC4 /* ViewController.swift in Sources */ = {isa = PBXBuildFile; fileRef = E15FAC731BC6249B00364FC4 /* ViewController.swift */; };
		E15FAC771BC6249C00364FC4 /* Main.storyboard in Resources */ = {isa = PBXBuildFile; fileRef = E15FAC751BC6249C00364FC4 /* Main.storyboard */; };
		E15FAC791BC6249C00364FC4 /* Assets.xcassets in Resources */ = {isa = PBXBuildFile; fileRef = E15FAC781BC6249C00364FC4 /* Assets.xcassets */; };
		E15FAC7C1BC6249C00364FC4 /* LaunchScreen.storyboard in Resources */ = {isa = PBXBuildFile; fileRef = E15FAC7A1BC6249C00364FC4 /* LaunchScreen.storyboard */; };
		E15FAC871BC6249C00364FC4 /* CurrencyConverterTests.swift in Sources */ = {isa = PBXBuildFile; fileRef = E15FAC861BC6249C00364FC4 /* CurrencyConverterTests.swift */; };
		E15FAC921BC6249C00364FC4 /* CurrencyConverterUITests.swift in Sources */ = {isa = PBXBuildFile; fileRef = E15FAC911BC6249C00364FC4 /* CurrencyConverterUITests.swift */; };
		E1D828431BD3D6D90073A035 /* CashConverterDataController.swift in Sources */ = {isa = PBXBuildFile; fileRef = E1D828421BD3D6D90073A035 /* CashConverterDataController.swift */; settings = {ASSET_TAGS = (); }; };
		E1D828451BD3D92D0073A035 /* CurrencyValueModelFactory.swift in Sources */ = {isa = PBXBuildFile; fileRef = E1D828441BD3D92D0073A035 /* CurrencyValueModelFactory.swift */; settings = {ASSET_TAGS = (); }; };
		E1D828471BD3E5EF0073A035 /* CenterPagingFlowLayout.swift in Sources */ = {isa = PBXBuildFile; fileRef = E1D828461BD3E5EF0073A035 /* CenterPagingFlowLayout.swift */; settings = {ASSET_TAGS = (); }; };
		E1DDAC771BCF576700A0FB27 /* AUDCurrenceyView.swift in Sources */ = {isa = PBXBuildFile; fileRef = E1DDAC761BCF576700A0FB27 /* AUDCurrenceyView.swift */; };
		E1DDAC791BCF578300A0FB27 /* CurrencyValueModel.swift in Sources */ = {isa = PBXBuildFile; fileRef = E1DDAC781BCF578300A0FB27 /* CurrencyValueModel.swift */; };
/* End PBXBuildFile section */

/* Begin PBXContainerItemProxy section */
		E15FAC831BC6249C00364FC4 /* PBXContainerItemProxy */ = {
			isa = PBXContainerItemProxy;
			containerPortal = E15FAC661BC6249A00364FC4 /* Project object */;
			proxyType = 1;
			remoteGlobalIDString = E15FAC6D1BC6249B00364FC4;
			remoteInfo = CurrencyConverter;
		};
		E15FAC8E1BC6249C00364FC4 /* PBXContainerItemProxy */ = {
			isa = PBXContainerItemProxy;
			containerPortal = E15FAC661BC6249A00364FC4 /* Project object */;
			proxyType = 1;
			remoteGlobalIDString = E15FAC6D1BC6249B00364FC4;
			remoteInfo = CurrencyConverter;
		};
/* End PBXContainerItemProxy section */

/* Begin PBXFileReference section */
		E10D7EBD1BCF6096006D7C06 /* ForeignCurrencyView.swift */ = {isa = PBXFileReference; fileEncoding = 4; lastKnownFileType = sourcecode.swift; path = ForeignCurrencyView.swift; sourceTree = "<group>"; };
		E10D7F121BCF71BB006D7C06 /* assets */ = {isa = PBXFileReference; lastKnownFileType = folder; path = assets; sourceTree = "<group>"; };
		E10D7F141BCF801E006D7C06 /* ForeignCurencyCollectionViewController.swift */ = {isa = PBXFileReference; fileEncoding = 4; lastKnownFileType = sourcecode.swift; path = ForeignCurencyCollectionViewController.swift; sourceTree = "<group>"; };
		E10D7F171BCF8C1F006D7C06 /* ForeignCurrencyCollectionViewCell.swift */ = {isa = PBXFileReference; fileEncoding = 4; lastKnownFileType = sourcecode.swift; path = ForeignCurrencyCollectionViewCell.swift; sourceTree = "<group>"; };
		E15FAC6E1BC6249B00364FC4 /* CurrencyConverter.app */ = {isa = PBXFileReference; explicitFileType = wrapper.application; includeInIndex = 0; path = CurrencyConverter.app; sourceTree = BUILT_PRODUCTS_DIR; };
		E15FAC711BC6249B00364FC4 /* AppDelegate.swift */ = {isa = PBXFileReference; lastKnownFileType = sourcecode.swift; path = AppDelegate.swift; sourceTree = "<group>"; };
		E15FAC731BC6249B00364FC4 /* ViewController.swift */ = {isa = PBXFileReference; lastKnownFileType = sourcecode.swift; path = ViewController.swift; sourceTree = "<group>"; };
		E15FAC761BC6249C00364FC4 /* Base */ = {isa = PBXFileReference; lastKnownFileType = file.storyboard; name = Base; path = Base.lproj/Main.storyboard; sourceTree = "<group>"; };
		E15FAC781BC6249C00364FC4 /* Assets.xcassets */ = {isa = PBXFileReference; lastKnownFileType = folder.assetcatalog; path = Assets.xcassets; sourceTree = "<group>"; };
		E15FAC7B1BC6249C00364FC4 /* Base */ = {isa = PBXFileReference; lastKnownFileType = file.storyboard; name = Base; path = Base.lproj/LaunchScreen.storyboard; sourceTree = "<group>"; };
		E15FAC7D1BC6249C00364FC4 /* Info.plist */ = {isa = PBXFileReference; lastKnownFileType = text.plist.xml; path = Info.plist; sourceTree = "<group>"; };
		E15FAC821BC6249C00364FC4 /* CurrencyConverterTests.xctest */ = {isa = PBXFileReference; explicitFileType = wrapper.cfbundle; includeInIndex = 0; path = CurrencyConverterTests.xctest; sourceTree = BUILT_PRODUCTS_DIR; };
		E15FAC861BC6249C00364FC4 /* CurrencyConverterTests.swift */ = {isa = PBXFileReference; lastKnownFileType = sourcecode.swift; path = CurrencyConverterTests.swift; sourceTree = "<group>"; };
		E15FAC881BC6249C00364FC4 /* Info.plist */ = {isa = PBXFileReference; lastKnownFileType = text.plist.xml; path = Info.plist; sourceTree = "<group>"; };
		E15FAC8D1BC6249C00364FC4 /* CurrencyConverterUITests.xctest */ = {isa = PBXFileReference; explicitFileType = wrapper.cfbundle; includeInIndex = 0; path = CurrencyConverterUITests.xctest; sourceTree = BUILT_PRODUCTS_DIR; };
		E15FAC911BC6249C00364FC4 /* CurrencyConverterUITests.swift */ = {isa = PBXFileReference; lastKnownFileType = sourcecode.swift; path = CurrencyConverterUITests.swift; sourceTree = "<group>"; };
		E15FAC931BC6249C00364FC4 /* Info.plist */ = {isa = PBXFileReference; lastKnownFileType = text.plist.xml; path = Info.plist; sourceTree = "<group>"; };
		E1D828421BD3D6D90073A035 /* CashConverterDataController.swift */ = {isa = PBXFileReference; fileEncoding = 4; lastKnownFileType = sourcecode.swift; path = CashConverterDataController.swift; sourceTree = "<group>"; };
		E1D828441BD3D92D0073A035 /* CurrencyValueModelFactory.swift */ = {isa = PBXFileReference; fileEncoding = 4; lastKnownFileType = sourcecode.swift; path = CurrencyValueModelFactory.swift; sourceTree = "<group>"; };
		E1D828461BD3E5EF0073A035 /* CenterPagingFlowLayout.swift */ = {isa = PBXFileReference; fileEncoding = 4; lastKnownFileType = sourcecode.swift; path = CenterPagingFlowLayout.swift; sourceTree = "<group>"; };
		E1DDAC761BCF576700A0FB27 /* AUDCurrenceyView.swift */ = {isa = PBXFileReference; fileEncoding = 4; lastKnownFileType = sourcecode.swift; path = AUDCurrenceyView.swift; sourceTree = "<group>"; };
		E1DDAC781BCF578300A0FB27 /* CurrencyValueModel.swift */ = {isa = PBXFileReference; fileEncoding = 4; lastKnownFileType = sourcecode.swift; path = CurrencyValueModel.swift; sourceTree = "<group>"; };
/* End PBXFileReference section */

/* Begin PBXFrameworksBuildPhase section */
		E15FAC6B1BC6249B00364FC4 /* Frameworks */ = {
			isa = PBXFrameworksBuildPhase;
			buildActionMask = 2147483647;
			files = (
			);
			runOnlyForDeploymentPostprocessing = 0;
		};
		E15FAC7F1BC6249C00364FC4 /* Frameworks */ = {
			isa = PBXFrameworksBuildPhase;
			buildActionMask = 2147483647;
			files = (
			);
			runOnlyForDeploymentPostprocessing = 0;
		};
		E15FAC8A1BC6249C00364FC4 /* Frameworks */ = {
			isa = PBXFrameworksBuildPhase;
			buildActionMask = 2147483647;
			files = (
			);
			runOnlyForDeploymentPostprocessing = 0;
		};
/* End PBXFrameworksBuildPhase section */

/* Begin PBXGroup section */
		E10D7F161BCF8024006D7C06 /* ForeignCurrencyViews */ = {
			isa = PBXGroup;
			children = (
				E10D7EBD1BCF6096006D7C06 /* ForeignCurrencyView.swift */,
				E1D828461BD3E5EF0073A035 /* CenterPagingFlowLayout.swift */,
				E10D7F141BCF801E006D7C06 /* ForeignCurencyCollectionViewController.swift */,
				E10D7F171BCF8C1F006D7C06 /* ForeignCurrencyCollectionViewCell.swift */,
			);
			name = ForeignCurrencyViews;
			sourceTree = "<group>";
		};
		E15FAC651BC6249A00364FC4 = {
			isa = PBXGroup;
			children = (
				E10D7F121BCF71BB006D7C06 /* assets */,
				E15FAC701BC6249B00364FC4 /* CurrencyConverter */,
				E15FAC851BC6249C00364FC4 /* CurrencyConverterTests */,
				E15FAC901BC6249C00364FC4 /* CurrencyConverterUITests */,
				E15FAC6F1BC6249B00364FC4 /* Products */,
			);
			sourceTree = "<group>";
		};
		E15FAC6F1BC6249B00364FC4 /* Products */ = {
			isa = PBXGroup;
			children = (
				E15FAC6E1BC6249B00364FC4 /* CurrencyConverter.app */,
				E15FAC821BC6249C00364FC4 /* CurrencyConverterTests.xctest */,
				E15FAC8D1BC6249C00364FC4 /* CurrencyConverterUITests.xctest */,
			);
			name = Products;
			sourceTree = "<group>";
		};
		E15FAC701BC6249B00364FC4 /* CurrencyConverter */ = {
			isa = PBXGroup;
			children = (
				E15FAC711BC6249B00364FC4 /* AppDelegate.swift */,
				E15FAC731BC6249B00364FC4 /* ViewController.swift */,
				E1D8284A1BD40D240073A035 /* CurrencyConverterModelData */,
				E1DDAC7A1BCF578B00A0FB27 /* CurrencyConverterViews */,
				E15FAC751BC6249C00364FC4 /* Main.storyboard */,
				E15FAC781BC6249C00364FC4 /* Assets.xcassets */,
				E15FAC7A1BC6249C00364FC4 /* LaunchScreen.storyboard */,
				E15FAC7D1BC6249C00364FC4 /* Info.plist */,
			);
			path = CurrencyConverter;
			sourceTree = "<group>";
		};
		E15FAC851BC6249C00364FC4 /* CurrencyConverterTests */ = {
			isa = PBXGroup;
			children = (
				E15FAC861BC6249C00364FC4 /* CurrencyConverterTests.swift */,
				E15FAC881BC6249C00364FC4 /* Info.plist */,
			);
			path = CurrencyConverterTests;
			sourceTree = "<group>";
		};
		E15FAC901BC6249C00364FC4 /* CurrencyConverterUITests */ = {
			isa = PBXGroup;
			children = (
				E15FAC911BC6249C00364FC4 /* CurrencyConverterUITests.swift */,
				E15FAC931BC6249C00364FC4 /* Info.plist */,
			);
			path = CurrencyConverterUITests;
			sourceTree = "<group>";
		};
		E1D8284A1BD40D240073A035 /* CurrencyConverterModelData */ = {
			isa = PBXGroup;
			children = (
				E1D828421BD3D6D90073A035 /* CashConverterDataController.swift */,
				E1D828441BD3D92D0073A035 /* CurrencyValueModelFactory.swift */,
				E1DDAC781BCF578300A0FB27 /* CurrencyValueModel.swift */,
			);
			name = CurrencyConverterModelData;
			sourceTree = "<group>";
		};
		E1DDAC7A1BCF578B00A0FB27 /* CurrencyConverterViews */ = {
			isa = PBXGroup;
			children = (
				E1DDAC761BCF576700A0FB27 /* AUDCurrenceyView.swift */,
				E10D7F161BCF8024006D7C06 /* ForeignCurrencyViews */,
			);
			name = CurrencyConverterViews;
			sourceTree = "<group>";
		};
/* End PBXGroup section */

/* Begin PBXNativeTarget section */
		E15FAC6D1BC6249B00364FC4 /* CurrencyConverter */ = {
			isa = PBXNativeTarget;
			buildConfigurationList = E15FAC961BC6249C00364FC4 /* Build configuration list for PBXNativeTarget "CurrencyConverter" */;
			buildPhases = (
				E15FAC6A1BC6249B00364FC4 /* Sources */,
				E15FAC6B1BC6249B00364FC4 /* Frameworks */,
				E15FAC6C1BC6249B00364FC4 /* Resources */,
			);
			buildRules = (
			);
			dependencies = (
			);
			name = CurrencyConverter;
			productName = CurrencyConverter;
			productReference = E15FAC6E1BC6249B00364FC4 /* CurrencyConverter.app */;
			productType = "com.apple.product-type.application";
		};
		E15FAC811BC6249C00364FC4 /* CurrencyConverterTests */ = {
			isa = PBXNativeTarget;
			buildConfigurationList = E15FAC991BC6249C00364FC4 /* Build configuration list for PBXNativeTarget "CurrencyConverterTests" */;
			buildPhases = (
				E15FAC7E1BC6249C00364FC4 /* Sources */,
				E15FAC7F1BC6249C00364FC4 /* Frameworks */,
				E15FAC801BC6249C00364FC4 /* Resources */,
			);
			buildRules = (
			);
			dependencies = (
				E15FAC841BC6249C00364FC4 /* PBXTargetDependency */,
			);
			name = CurrencyConverterTests;
			productName = CurrencyConverterTests;
			productReference = E15FAC821BC6249C00364FC4 /* CurrencyConverterTests.xctest */;
			productType = "com.apple.product-type.bundle.unit-test";
		};
		E15FAC8C1BC6249C00364FC4 /* CurrencyConverterUITests */ = {
			isa = PBXNativeTarget;
			buildConfigurationList = E15FAC9C1BC6249C00364FC4 /* Build configuration list for PBXNativeTarget "CurrencyConverterUITests" */;
			buildPhases = (
				E15FAC891BC6249C00364FC4 /* Sources */,
				E15FAC8A1BC6249C00364FC4 /* Frameworks */,
				E15FAC8B1BC6249C00364FC4 /* Resources */,
			);
			buildRules = (
			);
			dependencies = (
				E15FAC8F1BC6249C00364FC4 /* PBXTargetDependency */,
			);
			name = CurrencyConverterUITests;
			productName = CurrencyConverterUITests;
			productReference = E15FAC8D1BC6249C00364FC4 /* CurrencyConverterUITests.xctest */;
			productType = "com.apple.product-type.bundle.ui-testing";
		};
/* End PBXNativeTarget section */

/* Begin PBXProject section */
		E15FAC661BC6249A00364FC4 /* Project object */ = {
			isa = PBXProject;
			attributes = {
				LastUpgradeCheck = 0700;
				ORGANIZATIONNAME = Carla;
				TargetAttributes = {
					E15FAC6D1BC6249B00364FC4 = {
						CreatedOnToolsVersion = 7.0.1;
					};
					E15FAC811BC6249C00364FC4 = {
						CreatedOnToolsVersion = 7.0.1;
						TestTargetID = E15FAC6D1BC6249B00364FC4;
					};
					E15FAC8C1BC6249C00364FC4 = {
						CreatedOnToolsVersion = 7.0.1;
						TestTargetID = E15FAC6D1BC6249B00364FC4;
					};
				};
			};
			buildConfigurationList = E15FAC691BC6249A00364FC4 /* Build configuration list for PBXProject "CurrencyConverter" */;
			compatibilityVersion = "Xcode 3.2";
			developmentRegion = English;
			hasScannedForEncodings = 0;
			knownRegions = (
				en,
				Base,
			);
			mainGroup = E15FAC651BC6249A00364FC4;
			productRefGroup = E15FAC6F1BC6249B00364FC4 /* Products */;
			projectDirPath = "";
			projectRoot = "";
			targets = (
				E15FAC6D1BC6249B00364FC4 /* CurrencyConverter */,
				E15FAC811BC6249C00364FC4 /* CurrencyConverterTests */,
				E15FAC8C1BC6249C00364FC4 /* CurrencyConverterUITests */,
			);
		};
/* End PBXProject section */

/* Begin PBXResourcesBuildPhase section */
		E15FAC6C1BC6249B00364FC4 /* Resources */ = {
			isa = PBXResourcesBuildPhase;
			buildActionMask = 2147483647;
			files = (
				E15FAC7C1BC6249C00364FC4 /* LaunchScreen.storyboard in Resources */,
				E10D7F131BCF71BB006D7C06 /* assets in Resources */,
				E15FAC791BC6249C00364FC4 /* Assets.xcassets in Resources */,
				E15FAC771BC6249C00364FC4 /* Main.storyboard in Resources */,
			);
			runOnlyForDeploymentPostprocessing = 0;
		};
		E15FAC801BC6249C00364FC4 /* Resources */ = {
			isa = PBXResourcesBuildPhase;
			buildActionMask = 2147483647;
			files = (
			);
			runOnlyForDeploymentPostprocessing = 0;
		};
		E15FAC8B1BC6249C00364FC4 /* Resources */ = {
			isa = PBXResourcesBuildPhase;
			buildActionMask = 2147483647;
			files = (
			);
			runOnlyForDeploymentPostprocessing = 0;
		};
/* End PBXResourcesBuildPhase section */

/* Begin PBXSourcesBuildPhase section */
		E15FAC6A1BC6249B00364FC4 /* Sources */ = {
			isa = PBXSourcesBuildPhase;
			buildActionMask = 2147483647;
			files = (
				E10D7EBE1BCF6096006D7C06 /* ForeignCurrencyView.swift in Sources */,
				E1DDAC771BCF576700A0FB27 /* AUDCurrenceyView.swift in Sources */,
				E15FAC741BC6249B00364FC4 /* ViewController.swift in Sources */,
				E1D828431BD3D6D90073A035 /* CashConverterDataController.swift in Sources */,
				E10D7F181BCF8C1F006D7C06 /* ForeignCurrencyCollectionViewCell.swift in Sources */,
				E1D828451BD3D92D0073A035 /* CurrencyValueModelFactory.swift in Sources */,
				E15FAC721BC6249B00364FC4 /* AppDelegate.swift in Sources */,
				E10D7F151BCF801E006D7C06 /* ForeignCurencyCollectionViewController.swift in Sources */,
				E1D828471BD3E5EF0073A035 /* CenterPagingFlowLayout.swift in Sources */,
				E1DDAC791BCF578300A0FB27 /* CurrencyValueModel.swift in Sources */,
			);
			runOnlyForDeploymentPostprocessing = 0;
		};
		E15FAC7E1BC6249C00364FC4 /* Sources */ = {
			isa = PBXSourcesBuildPhase;
			buildActionMask = 2147483647;
			files = (
				E15FAC871BC6249C00364FC4 /* CurrencyConverterTests.swift in Sources */,
			);
			runOnlyForDeploymentPostprocessing = 0;
		};
		E15FAC891BC6249C00364FC4 /* Sources */ = {
			isa = PBXSourcesBuildPhase;
			buildActionMask = 2147483647;
			files = (
				E15FAC921BC6249C00364FC4 /* CurrencyConverterUITests.swift in Sources */,
			);
			runOnlyForDeploymentPostprocessing = 0;
		};
/* End PBXSourcesBuildPhase section */

/* Begin PBXTargetDependency section */
		E15FAC841BC6249C00364FC4 /* PBXTargetDependency */ = {
			isa = PBXTargetDependency;
			target = E15FAC6D1BC6249B00364FC4 /* CurrencyConverter */;
			targetProxy = E15FAC831BC6249C00364FC4 /* PBXContainerItemProxy */;
		};
		E15FAC8F1BC6249C00364FC4 /* PBXTargetDependency */ = {
			isa = PBXTargetDependency;
			target = E15FAC6D1BC6249B00364FC4 /* CurrencyConverter */;
			targetProxy = E15FAC8E1BC6249C00364FC4 /* PBXContainerItemProxy */;
		};
/* End PBXTargetDependency section */

/* Begin PBXVariantGroup section */
		E15FAC751BC6249C00364FC4 /* Main.storyboard */ = {
			isa = PBXVariantGroup;
			children = (
				E15FAC761BC6249C00364FC4 /* Base */,
			);
			name = Main.storyboard;
			sourceTree = "<group>";
		};
		E15FAC7A1BC6249C00364FC4 /* LaunchScreen.storyboard */ = {
			isa = PBXVariantGroup;
			children = (
				E15FAC7B1BC6249C00364FC4 /* Base */,
			);
			name = LaunchScreen.storyboard;
			sourceTree = "<group>";
		};
/* End PBXVariantGroup section */

/* Begin XCBuildConfiguration section */
		E15FAC941BC6249C00364FC4 /* Debug */ = {
			isa = XCBuildConfiguration;
			buildSettings = {
				ALWAYS_SEARCH_USER_PATHS = NO;
				CLANG_CXX_LANGUAGE_STANDARD = "gnu++0x";
				CLANG_CXX_LIBRARY = "libc++";
				CLANG_ENABLE_MODULES = YES;
				CLANG_ENABLE_OBJC_ARC = YES;
				CLANG_WARN_BOOL_CONVERSION = YES;
				CLANG_WARN_CONSTANT_CONVERSION = YES;
				CLANG_WARN_DIRECT_OBJC_ISA_USAGE = YES_ERROR;
				CLANG_WARN_EMPTY_BODY = YES;
				CLANG_WARN_ENUM_CONVERSION = YES;
				CLANG_WARN_INT_CONVERSION = YES;
				CLANG_WARN_OBJC_ROOT_CLASS = YES_ERROR;
				CLANG_WARN_UNREACHABLE_CODE = YES;
				CLANG_WARN__DUPLICATE_METHOD_MATCH = YES;
				"CODE_SIGN_IDENTITY[sdk=iphoneos*]" = "iPhone Developer";
				COPY_PHASE_STRIP = NO;
				DEBUG_INFORMATION_FORMAT = dwarf;
				ENABLE_STRICT_OBJC_MSGSEND = YES;
				ENABLE_TESTABILITY = YES;
				GCC_C_LANGUAGE_STANDARD = gnu99;
				GCC_DYNAMIC_NO_PIC = NO;
				GCC_NO_COMMON_BLOCKS = YES;
				GCC_OPTIMIZATION_LEVEL = 0;
				GCC_PREPROCESSOR_DEFINITIONS = (
					"DEBUG=1",
					"$(inherited)",
				);
				GCC_WARN_64_TO_32_BIT_CONVERSION = YES;
				GCC_WARN_ABOUT_RETURN_TYPE = YES_ERROR;
				GCC_WARN_UNDECLARED_SELECTOR = YES;
				GCC_WARN_UNINITIALIZED_AUTOS = YES_AGGRESSIVE;
				GCC_WARN_UNUSED_FUNCTION = YES;
				GCC_WARN_UNUSED_VARIABLE = YES;
				IPHONEOS_DEPLOYMENT_TARGET = 9.0;
				MTL_ENABLE_DEBUG_INFO = YES;
				ONLY_ACTIVE_ARCH = YES;
				SDKROOT = iphoneos;
				SWIFT_OPTIMIZATION_LEVEL = "-Onone";
			};
			name = Debug;
		};
		E15FAC951BC6249C00364FC4 /* Release */ = {
			isa = XCBuildConfiguration;
			buildSettings = {
				ALWAYS_SEARCH_USER_PATHS = NO;
				CLANG_CXX_LANGUAGE_STANDARD = "gnu++0x";
				CLANG_CXX_LIBRARY = "libc++";
				CLANG_ENABLE_MODULES = YES;
				CLANG_ENABLE_OBJC_ARC = YES;
				CLANG_WARN_BOOL_CONVERSION = YES;
				CLANG_WARN_CONSTANT_CONVERSION = YES;
				CLANG_WARN_DIRECT_OBJC_ISA_USAGE = YES_ERROR;
				CLANG_WARN_EMPTY_BODY = YES;
				CLANG_WARN_ENUM_CONVERSION = YES;
				CLANG_WARN_INT_CONVERSION = YES;
				CLANG_WARN_OBJC_ROOT_CLASS = YES_ERROR;
				CLANG_WARN_UNREACHABLE_CODE = YES;
				CLANG_WARN__DUPLICATE_METHOD_MATCH = YES;
				"CODE_SIGN_IDENTITY[sdk=iphoneos*]" = "iPhone Developer";
				COPY_PHASE_STRIP = NO;
				DEBUG_INFORMATION_FORMAT = "dwarf-with-dsym";
				ENABLE_NS_ASSERTIONS = NO;
				ENABLE_STRICT_OBJC_MSGSEND = YES;
				GCC_C_LANGUAGE_STANDARD = gnu99;
				GCC_NO_COMMON_BLOCKS = YES;
				GCC_WARN_64_TO_32_BIT_CONVERSION = YES;
				GCC_WARN_ABOUT_RETURN_TYPE = YES_ERROR;
				GCC_WARN_UNDECLARED_SELECTOR = YES;
				GCC_WARN_UNINITIALIZED_AUTOS = YES_AGGRESSIVE;
				GCC_WARN_UNUSED_FUNCTION = YES;
				GCC_WARN_UNUSED_VARIABLE = YES;
				IPHONEOS_DEPLOYMENT_TARGET = 9.0;
				MTL_ENABLE_DEBUG_INFO = NO;
				SDKROOT = iphoneos;
				VALIDATE_PRODUCT = YES;
			};
			name = Release;
		};
		E15FAC971BC6249C00364FC4 /* Debug */ = {
			isa = XCBuildConfiguration;
			buildSettings = {
				ASSETCATALOG_COMPILER_APPICON_NAME = AppIcon;
				INFOPLIST_FILE = CurrencyConverter/Info.plist;
				LD_RUNPATH_SEARCH_PATHS = "$(inherited) @executable_path/Frameworks";
				PRODUCT_BUNDLE_IDENTIFIER = carla.CurrencyConverter;
				PRODUCT_NAME = "$(TARGET_NAME)";
			};
			name = Debug;
		};
		E15FAC981BC6249C00364FC4 /* Release */ = {
			isa = XCBuildConfiguration;
			buildSettings = {
				ASSETCATALOG_COMPILER_APPICON_NAME = AppIcon;
				INFOPLIST_FILE = CurrencyConverter/Info.plist;
				LD_RUNPATH_SEARCH_PATHS = "$(inherited) @executable_path/Frameworks";
				PRODUCT_BUNDLE_IDENTIFIER = carla.CurrencyConverter;
				PRODUCT_NAME = "$(TARGET_NAME)";
			};
			name = Release;
		};
		E15FAC9A1BC6249C00364FC4 /* Debug */ = {
			isa = XCBuildConfiguration;
			buildSettings = {
				BUNDLE_LOADER = "$(TEST_HOST)";
				INFOPLIST_FILE = CurrencyConverterTests/Info.plist;
				LD_RUNPATH_SEARCH_PATHS = "$(inherited) @executable_path/Frameworks @loader_path/Frameworks";
				PRODUCT_BUNDLE_IDENTIFIER = carla.CurrencyConverterTests;
				PRODUCT_NAME = "$(TARGET_NAME)";
				TEST_HOST = "$(BUILT_PRODUCTS_DIR)/CurrencyConverter.app/CurrencyConverter";
			};
			name = Debug;
		};
		E15FAC9B1BC6249C00364FC4 /* Release */ = {
			isa = XCBuildConfiguration;
			buildSettings = {
				BUNDLE_LOADER = "$(TEST_HOST)";
				INFOPLIST_FILE = CurrencyConverterTests/Info.plist;
				LD_RUNPATH_SEARCH_PATHS = "$(inherited) @executable_path/Frameworks @loader_path/Frameworks";
				PRODUCT_BUNDLE_IDENTIFIER = carla.CurrencyConverterTests;
				PRODUCT_NAME = "$(TARGET_NAME)";
				TEST_HOST = "$(BUILT_PRODUCTS_DIR)/CurrencyConverter.app/CurrencyConverter";
			};
			name = Release;
		};
		E15FAC9D1BC6249C00364FC4 /* Debug */ = {
			isa = XCBuildConfiguration;
			buildSettings = {
				INFOPLIST_FILE = CurrencyConverterUITests/Info.plist;
				LD_RUNPATH_SEARCH_PATHS = "$(inherited) @executable_path/Frameworks @loader_path/Frameworks";
				PRODUCT_BUNDLE_IDENTIFIER = carla.CurrencyConverterUITests;
				PRODUCT_NAME = "$(TARGET_NAME)";
				TEST_TARGET_NAME = CurrencyConverter;
				USES_XCTRUNNER = YES;
			};
			name = Debug;
		};
		E15FAC9E1BC6249C00364FC4 /* Release */ = {
			isa = XCBuildConfiguration;
			buildSettings = {
				INFOPLIST_FILE = CurrencyConverterUITests/Info.plist;
				LD_RUNPATH_SEARCH_PATHS = "$(inherited) @executable_path/Frameworks @loader_path/Frameworks";
				PRODUCT_BUNDLE_IDENTIFIER = carla.CurrencyConverterUITests;
				PRODUCT_NAME = "$(TARGET_NAME)";
				TEST_TARGET_NAME = CurrencyConverter;
				USES_XCTRUNNER = YES;
			};
			name = Release;
		};
/* End XCBuildConfiguration section */

/* Begin XCConfigurationList section */
		E15FAC691BC6249A00364FC4 /* Build configuration list for PBXProject "CurrencyConverter" */ = {
			isa = XCConfigurationList;
			buildConfigurations = (
				E15FAC941BC6249C00364FC4 /* Debug */,
				E15FAC951BC6249C00364FC4 /* Release */,
			);
			defaultConfigurationIsVisible = 0;
			defaultConfigurationName = Release;
		};
		E15FAC961BC6249C00364FC4 /* Build configuration list for PBXNativeTarget "CurrencyConverter" */ = {
			isa = XCConfigurationList;
			buildConfigurations = (
				E15FAC971BC6249C00364FC4 /* Debug */,
				E15FAC981BC6249C00364FC4 /* Release */,
			);
			defaultConfigurationIsVisible = 0;
			defaultConfigurationName = Release;
		};
		E15FAC991BC6249C00364FC4 /* Build configuration list for PBXNativeTarget "CurrencyConverterTests" */ = {
			isa = XCConfigurationList;
			buildConfigurations = (
				E15FAC9A1BC6249C00364FC4 /* Debug */,
				E15FAC9B1BC6249C00364FC4 /* Release */,
			);
			defaultConfigurationIsVisible = 0;
			defaultConfigurationName = Release;
		};
		E15FAC9C1BC6249C00364FC4 /* Build configuration list for PBXNativeTarget "CurrencyConverterUITests" */ = {
			isa = XCConfigurationList;
			buildConfigurations = (
				E15FAC9D1BC6249C00364FC4 /* Debug */,
				E15FAC9E1BC6249C00364FC4 /* Release */,
			);
			defaultConfigurationIsVisible = 0;
			defaultConfigurationName = Release;
		};
/* End XCConfigurationList section */
	};
	rootObject = E15FAC661BC6249A00364FC4 /* Project object */;
}
